
Microsoft Visual Studio Solution File, Format Version 12.00
# Visual Studio Version 17
VisualStudioVersion = 17.4.33213.308
MinimumVisualStudioVersion = 10.0.40219.1
Project("{FAE04EC0-301F-11D3-BF4B-00C04F79EFBC}") = "Calculate", "Calculate\Calculate.csproj", "{DE48A0B3-BBAC-4745-A570-D708D3F1B545}"
EndProject
Global
	GlobalSection(SolutionConfigurationPlatforms) = preSolution
		Debug|Any CPU = Debug|Any CPU
		Release|Any CPU = Release|Any CPU
	EndGlobalSection
	GlobalSection(ProjectConfigurationPlatforms) = postSolution
		{DE48A0B3-BBAC-4745-A570-D708D3F1B545}.Debug|Any CPU.ActiveCfg = Debug|Any CPU
		{DE48A0B3-BBAC-4745-A570-D708D3F1B545}.Debug|Any CPU.Build.0 = Debug|Any CPU
		{DE48A0B3-BBAC-4745-A570-D708D3F1B545}.Release|Any CPU.ActiveCfg = Release|Any CPU
		{DE48A0B3-BBAC-4745-A570-D708D3F1B545}.Release|Any CPU.Build.0 = Release|Any CPU
	EndGlobalSection
	GlobalSection(SolutionProperties) = preSolution
		HideSolutionNode = FALSE
	EndGlobalSection
	GlobalSection(ExtensibilityGlobals) = postSolution
		SolutionGuid = {59D0AA36-1DA3-4F3A-89DD-57715A6C9E2F}
	EndGlobalSection
EndGlobal
