
Microsoft Visual Studio Solution File, Format Version 12.00
Project("{FAE04EC0-301F-11D3-BF4B-00C04F79EFBC}") = "Calculate", "Calculate\Calculate.csproj", "{5B086D9C-1916-4441-BA86-62F90E540126}"
EndProject
Project("{FAE04EC0-301F-11D3-BF4B-00C04F79EFBC}") = "Tests", "Tests\Tests.csproj", "{4FF1CB72-11D6-41E0-9120-AA5FDDA55D7F}"
EndProject
Global
	GlobalSection(SolutionConfigurationPlatforms) = preSolution
		Debug|Any CPU = Debug|Any CPU
		Release|Any CPU = Release|Any CPU
	EndGlobalSection
	GlobalSection(ProjectConfigurationPlatforms) = postSolution
		{5B086D9C-1916-4441-BA86-62F90E540126}.Debug|Any CPU.ActiveCfg = Debug|Any CPU
		{5B086D9C-1916-4441-BA86-62F90E540126}.Debug|Any CPU.Build.0 = Debug|Any CPU
		{5B086D9C-1916-4441-BA86-62F90E540126}.Release|Any CPU.ActiveCfg = Release|Any CPU
		{5B086D9C-1916-4441-BA86-62F90E540126}.Release|Any CPU.Build.0 = Release|Any CPU
		{4FF1CB72-11D6-41E0-9120-AA5FDDA55D7F}.Debug|Any CPU.ActiveCfg = Debug|Any CPU
		{4FF1CB72-11D6-41E0-9120-AA5FDDA55D7F}.Debug|Any CPU.Build.0 = Debug|Any CPU
		{4FF1CB72-11D6-41E0-9120-AA5FDDA55D7F}.Release|Any CPU.ActiveCfg = Release|Any CPU
		{4FF1CB72-11D6-41E0-9120-AA5FDDA55D7F}.Release|Any CPU.Build.0 = Release|Any CPU
	EndGlobalSection
EndGlobal
