
Microsoft Visual Studio Solution File, Format Version 12.00
# Visual Studio Version 17
VisualStudioVersion = 17.4.33213.308
MinimumVisualStudioVersion = 10.0.40219.1
Project("{9A19103F-16F7-4668-BE54-9A1E7A4F7556}") = "GenericsHomework.Tests", "..\GenericsHomework.Tests\GenericsHomework.Tests.csproj", "{783088C5-E228-4BC6-A61D-80FE4ACC1078}"
EndProject
Project("{9A19103F-16F7-4668-BE54-9A1E7A4F7556}") = "GenericsHomework", "GenericsHomework.csproj", "{7F3AE348-0EEC-47E0-A61B-6763157245CE}"
EndProject
Global
	GlobalSection(SolutionConfigurationPlatforms) = preSolution
		Debug|Any CPU = Debug|Any CPU
		Release|Any CPU = Release|Any CPU
	EndGlobalSection
	GlobalSection(ProjectConfigurationPlatforms) = postSolution
		{783088C5-E228-4BC6-A61D-80FE4ACC1078}.Debug|Any CPU.ActiveCfg = Debug|Any CPU
		{783088C5-E228-4BC6-A61D-80FE4ACC1078}.Debug|Any CPU.Build.0 = Debug|Any CPU
		{783088C5-E228-4BC6-A61D-80FE4ACC1078}.Release|Any CPU.ActiveCfg = Release|Any CPU
		{783088C5-E228-4BC6-A61D-80FE4ACC1078}.Release|Any CPU.Build.0 = Release|Any CPU
		{7F3AE348-0EEC-47E0-A61B-6763157245CE}.Debug|Any CPU.ActiveCfg = Debug|Any CPU
		{7F3AE348-0EEC-47E0-A61B-6763157245CE}.Debug|Any CPU.Build.0 = Debug|Any CPU
		{7F3AE348-0EEC-47E0-A61B-6763157245CE}.Release|Any CPU.ActiveCfg = Release|Any CPU
		{7F3AE348-0EEC-47E0-A61B-6763157245CE}.Release|Any CPU.Build.0 = Release|Any CPU
	EndGlobalSection
	GlobalSection(SolutionProperties) = preSolution
		HideSolutionNode = FALSE
	EndGlobalSection
	GlobalSection(ExtensibilityGlobals) = postSolution
		SolutionGuid = {D7354B64-3A20-487E-83B2-1939922616B9}
	EndGlobalSection
EndGlobal
