
Microsoft Visual Studio Solution File, Format Version 12.00
# Visual Studio Version 17
VisualStudioVersion = 17.4.33213.308
MinimumVisualStudioVersion = 10.0.40219.1
Project("{FAE04EC0-301F-11D3-BF4B-00C04F79EFBC}") = "Calculate", "Calculate.csproj", "{1AF5B0FA-905D-4269-97CE-A5B4A28E1972}"
EndProject
Project("{FAE04EC0-301F-11D3-BF4B-00C04F79EFBC}") = "Calculate.Tests", "..\Calculate.Tests\Calculate.Tests.csproj", "{780DF676-4EEA-40E0-93E9-C6F98787A9B3}"
EndProject
Global
	GlobalSection(SolutionConfigurationPlatforms) = preSolution
		Debug|Any CPU = Debug|Any CPU
		Release|Any CPU = Release|Any CPU
	EndGlobalSection
	GlobalSection(ProjectConfigurationPlatforms) = postSolution
		{1AF5B0FA-905D-4269-97CE-A5B4A28E1972}.Debug|Any CPU.ActiveCfg = Debug|Any CPU
		{1AF5B0FA-905D-4269-97CE-A5B4A28E1972}.Debug|Any CPU.Build.0 = Debug|Any CPU
		{1AF5B0FA-905D-4269-97CE-A5B4A28E1972}.Release|Any CPU.ActiveCfg = Release|Any CPU
		{1AF5B0FA-905D-4269-97CE-A5B4A28E1972}.Release|Any CPU.Build.0 = Release|Any CPU
		{780DF676-4EEA-40E0-93E9-C6F98787A9B3}.Debug|Any CPU.ActiveCfg = Debug|Any CPU
		{780DF676-4EEA-40E0-93E9-C6F98787A9B3}.Debug|Any CPU.Build.0 = Debug|Any CPU
		{780DF676-4EEA-40E0-93E9-C6F98787A9B3}.Release|Any CPU.ActiveCfg = Release|Any CPU
		{780DF676-4EEA-40E0-93E9-C6F98787A9B3}.Release|Any CPU.Build.0 = Release|Any CPU
	EndGlobalSection
	GlobalSection(SolutionProperties) = preSolution
		HideSolutionNode = FALSE
	EndGlobalSection
	GlobalSection(ExtensibilityGlobals) = postSolution
		SolutionGuid = {413DAD8C-20DD-4886-A2DB-B76885A59795}
	EndGlobalSection
EndGlobal
